// !$*UTF8*$!
{
	archiveVersion = 1;
	classes = {
	};
	objectVersion = 56;
	objects = {

/* Begin PBXBuildFile section */
		088F1BBA2B81ACBB00708FC7 /* LaptopListApp.swift in Sources */ = {isa = PBXBuildFile; fileRef = 088F1BB92B81ACBB00708FC7 /* LaptopListApp.swift */; };
		088F1BBC2B81ACBB00708FC7 /* LaptopListView.swift in Sources */ = {isa = PBXBuildFile; fileRef = 088F1BBB2B81ACBB00708FC7 /* LaptopListView.swift */; };
		088F1BBE2B81ACC200708FC7 /* Assets.xcassets in Resources */ = {isa = PBXBuildFile; fileRef = 088F1BBD2B81ACC200708FC7 /* Assets.xcassets */; };
		088F1BC12B81ACC200708FC7 /* Preview Assets.xcassets in Resources */ = {isa = PBXBuildFile; fileRef = 088F1BC02B81ACC200708FC7 /* Preview Assets.xcassets */; };
		088F1BC82B81AEBF00708FC7 /* LaptopDataModel.swift in Sources */ = {isa = PBXBuildFile; fileRef = 088F1BC72B81AEBF00708FC7 /* LaptopDataModel.swift */; };
		088F1BCA2B81B31600708FC7 /* RequestApi.swift in Sources */ = {isa = PBXBuildFile; fileRef = 088F1BC92B81B31600708FC7 /* RequestApi.swift */; };
		088F1BCC2B81B9E500708FC7 /* ErrorCases.swift in Sources */ = {isa = PBXBuildFile; fileRef = 088F1BCB2B81B9E500708FC7 /* ErrorCases.swift */; };
		088F1BCF2B81BD0D00708FC7 /* LaptopListViewModel.swift in Sources */ = {isa = PBXBuildFile; fileRef = 088F1BCE2B81BD0D00708FC7 /* LaptopListViewModel.swift */; };
		088F1BD22B83699A00708FC7 /* ItemView.swift in Sources */ = {isa = PBXBuildFile; fileRef = 088F1BD12B83699A00708FC7 /* ItemView.swift */; };
		088F1BD42B836B6000708FC7 /* DetailView.swift in Sources */ = {isa = PBXBuildFile; fileRef = 088F1BD32B836B6000708FC7 /* DetailView.swift */; };
/* End PBXBuildFile section */

/* Begin PBXFileReference section */
		088F1BB62B81ACBB00708FC7 /* LaptopList.app */ = {isa = PBXFileReference; explicitFileType = wrapper.application; includeInIndex = 0; path = LaptopList.app; sourceTree = BUILT_PRODUCTS_DIR; };
		088F1BB92B81ACBB00708FC7 /* LaptopListApp.swift */ = {isa = PBXFileReference; lastKnownFileType = sourcecode.swift; path = LaptopListApp.swift; sourceTree = "<group>"; };
		088F1BBB2B81ACBB00708FC7 /* LaptopListView.swift */ = {isa = PBXFileReference; lastKnownFileType = sourcecode.swift; path = LaptopListView.swift; sourceTree = "<group>"; };
		088F1BBD2B81ACC200708FC7 /* Assets.xcassets */ = {isa = PBXFileReference; lastKnownFileType = folder.assetcatalog; path = Assets.xcassets; sourceTree = "<group>"; };
		088F1BC02B81ACC200708FC7 /* Preview Assets.xcassets */ = {isa = PBXFileReference; lastKnownFileType = folder.assetcatalog; path = "Preview Assets.xcassets"; sourceTree = "<group>"; };
		088F1BC72B81AEBF00708FC7 /* LaptopDataModel.swift */ = {isa = PBXFileReference; lastKnownFileType = sourcecode.swift; path = LaptopDataModel.swift; sourceTree = "<group>"; };
		088F1BC92B81B31600708FC7 /* RequestApi.swift */ = {isa = PBXFileReference; lastKnownFileType = sourcecode.swift; path = RequestApi.swift; sourceTree = "<group>"; };
		088F1BCB2B81B9E500708FC7 /* ErrorCases.swift */ = {isa = PBXFileReference; lastKnownFileType = sourcecode.swift; path = ErrorCases.swift; sourceTree = "<group>"; };
		088F1BCE2B81BD0D00708FC7 /* LaptopListViewModel.swift */ = {isa = PBXFileReference; lastKnownFileType = sourcecode.swift; path = LaptopListViewModel.swift; sourceTree = "<group>"; };
		088F1BD12B83699A00708FC7 /* ItemView.swift */ = {isa = PBXFileReference; lastKnownFileType = sourcecode.swift; path = ItemView.swift; sourceTree = "<group>"; };
		088F1BD32B836B6000708FC7 /* DetailView.swift */ = {isa = PBXFileReference; lastKnownFileType = sourcecode.swift; path = DetailView.swift; sourceTree = "<group>"; };
/* End PBXFileReference section */

/* Begin PBXFrameworksBuildPhase section */
		088F1BB32B81ACBB00708FC7 /* Frameworks */ = {
			isa = PBXFrameworksBuildPhase;
			buildActionMask = 2147483647;
			files = (
			);
			runOnlyForDeploymentPostprocessing = 0;
		};
/* End PBXFrameworksBuildPhase section */

/* Begin PBXGroup section */
		088F1BAD2B81ACBB00708FC7 = {
			isa = PBXGroup;
			children = (
				088F1BB82B81ACBB00708FC7 /* LaptopList */,
				088F1BB72B81ACBB00708FC7 /* Products */,
			);
			sourceTree = "<group>";
		};
		088F1BB72B81ACBB00708FC7 /* Products */ = {
			isa = PBXGroup;
			children = (
				088F1BB62B81ACBB00708FC7 /* LaptopList.app */,
			);
			name = Products;
			sourceTree = "<group>";
		};
		088F1BB82B81ACBB00708FC7 /* LaptopList */ = {
			isa = PBXGroup;
			children = (
				088F1BB92B81ACBB00708FC7 /* LaptopListApp.swift */,
				088F1BD52B83741800708FC7 /* View */,
				088F1BD02B81C4FC00708FC7 /* ViewModel */,
				088F1BCD2B81BA1800708FC7 /* Model */,
				088F1BBD2B81ACC200708FC7 /* Assets.xcassets */,
				088F1BBF2B81ACC200708FC7 /* Preview Content */,
			);
			path = LaptopList;
			sourceTree = "<group>";
		};
		088F1BBF2B81ACC200708FC7 /* Preview Content */ = {
			isa = PBXGroup;
			children = (
				088F1BC02B81ACC200708FC7 /* Preview Assets.xcassets */,
			);
			path = "Preview Content";
			sourceTree = "<group>";
		};
		088F1BCD2B81BA1800708FC7 /* Model */ = {
			isa = PBXGroup;
			children = (
				088F1BCB2B81B9E500708FC7 /* ErrorCases.swift */,
				088F1BC92B81B31600708FC7 /* RequestApi.swift */,
				088F1BC72B81AEBF00708FC7 /* LaptopDataModel.swift */,
			);
			path = Model;
			sourceTree = "<group>";
		};
		088F1BD02B81C4FC00708FC7 /* ViewModel */ = {
			isa = PBXGroup;
			children = (
				088F1BCE2B81BD0D00708FC7 /* LaptopListViewModel.swift */,
			);
			path = ViewModel;
			sourceTree = "<group>";
		};
		088F1BD52B83741800708FC7 /* View */ = {
			isa = PBXGroup;
			children = (
				088F1BD12B83699A00708FC7 /* ItemView.swift */,
				088F1BD32B836B6000708FC7 /* DetailView.swift */,
				088F1BBB2B81ACBB00708FC7 /* LaptopListView.swift */,
			);
			path = View;
			sourceTree = "<group>";
		};
/* End PBXGroup section */

/* Begin PBXNativeTarget section */
		088F1BB52B81ACBB00708FC7 /* LaptopList */ = {
			isa = PBXNativeTarget;
			buildConfigurationList = 088F1BC42B81ACC200708FC7 /* Build configuration list for PBXNativeTarget "LaptopList" */;
			buildPhases = (
				088F1BB22B81ACBB00708FC7 /* Sources */,
				088F1BB32B81ACBB00708FC7 /* Frameworks */,
				088F1BB42B81ACBB00708FC7 /* Resources */,
			);
			buildRules = (
			);
			dependencies = (
			);
			name = LaptopList;
			productName = LaptopList;
			productReference = 088F1BB62B81ACBB00708FC7 /* LaptopList.app */;
			productType = "com.apple.product-type.application";
		};
/* End PBXNativeTarget section */

/* Begin PBXProject section */
		088F1BAE2B81ACBB00708FC7 /* Project object */ = {
			isa = PBXProject;
			attributes = {
				BuildIndependentTargetsInParallel = 1;
				LastSwiftUpdateCheck = 1520;
				LastUpgradeCheck = 1520;
				TargetAttributes = {
					088F1BB52B81ACBB00708FC7 = {
						CreatedOnToolsVersion = 15.2;
					};
				};
			};
			buildConfigurationList = 088F1BB12B81ACBB00708FC7 /* Build configuration list for PBXProject "LaptopList" */;
			compatibilityVersion = "Xcode 14.0";
			developmentRegion = en;
			hasScannedForEncodings = 0;
			knownRegions = (
				en,
				Base,
			);
			mainGroup = 088F1BAD2B81ACBB00708FC7;
			productRefGroup = 088F1BB72B81ACBB00708FC7 /* Products */;
			projectDirPath = "";
			projectRoot = "";
			targets = (
				088F1BB52B81ACBB00708FC7 /* LaptopList */,
			);
		};
/* End PBXProject section */

/* Begin PBXResourcesBuildPhase section */
		088F1BB42B81ACBB00708FC7 /* Resources */ = {
			isa = PBXResourcesBuildPhase;
			buildActionMask = 2147483647;
			files = (
				088F1BC12B81ACC200708FC7 /* Preview Assets.xcassets in Resources */,
				088F1BBE2B81ACC200708FC7 /* Assets.xcassets in Resources */,
			);
			runOnlyForDeploymentPostprocessing = 0;
		};
/* End PBXResourcesBuildPhase section */

/* Begin PBXSourcesBuildPhase section */
		088F1BB22B81ACBB00708FC7 /* Sources */ = {
			isa = PBXSourcesBuildPhase;
			buildActionMask = 2147483647;
			files = (
				088F1BBC2B81ACBB00708FC7 /* LaptopListView.swift in Sources */,
				088F1BD42B836B6000708FC7 /* DetailView.swift in Sources */,
				088F1BC82B81AEBF00708FC7 /* LaptopDataModel.swift in Sources */,
				088F1BCF2B81BD0D00708FC7 /* LaptopListViewModel.swift in Sources */,
				088F1BCC2B81B9E500708FC7 /* ErrorCases.swift in Sources */,
				088F1BD22B83699A00708FC7 /* ItemView.swift in Sources */,
				088F1BCA2B81B31600708FC7 /* RequestApi.swift in Sources */,
				088F1BBA2B81ACBB00708FC7 /* LaptopListApp.swift in Sources */,
			);
			runOnlyForDeploymentPostprocessing = 0;
		};
/* End PBXSourcesBuildPhase section */

/* Begin XCBuildConfiguration section */
		088F1BC22B81ACC200708FC7 /* Debug */ = {
			isa = XCBuildConfiguration;
			buildSettings = {
				ALWAYS_SEARCH_USER_PATHS = NO;
				ASSETCATALOG_COMPILER_GENERATE_SWIFT_ASSET_SYMBOL_EXTENSIONS = YES;
				CLANG_ANALYZER_NONNULL = YES;
				CLANG_ANALYZER_NUMBER_OBJECT_CONVERSION = YES_AGGRESSIVE;
				CLANG_CXX_LANGUAGE_STANDARD = "gnu++20";
				CLANG_ENABLE_MODULES = YES;
				CLANG_ENABLE_OBJC_ARC = YES;
				CLANG_ENABLE_OBJC_WEAK = YES;
				CLANG_WARN_BLOCK_CAPTURE_AUTORELEASING = YES;
				CLANG_WARN_BOOL_CONVERSION = YES;
				CLANG_WARN_COMMA = YES;
				CLANG_WARN_CONSTANT_CONVERSION = YES;
				CLANG_WARN_DEPRECATED_OBJC_IMPLEMENTATIONS = YES;
				CLANG_WARN_DIRECT_OBJC_ISA_USAGE = YES_ERROR;
				CLANG_WARN_DOCUMENTATION_COMMENTS = YES;
				CLANG_WARN_EMPTY_BODY = YES;
				CLANG_WARN_ENUM_CONVERSION = YES;
				CLANG_WARN_INFINITE_RECURSION = YES;
				CLANG_WARN_INT_CONVERSION = YES;
				CLANG_WARN_NON_LITERAL_NULL_CONVERSION = YES;
				CLANG_WARN_OBJC_IMPLICIT_RETAIN_SELF = YES;
				CLANG_WARN_OBJC_LITERAL_CONVERSION = YES;
				CLANG_WARN_OBJC_ROOT_CLASS = YES_ERROR;
				CLANG_WARN_QUOTED_INCLUDE_IN_FRAMEWORK_HEADER = YES;
				CLANG_WARN_RANGE_LOOP_ANALYSIS = YES;
				CLANG_WARN_STRICT_PROTOTYPES = YES;
				CLANG_WARN_SUSPICIOUS_MOVE = YES;
				CLANG_WARN_UNGUARDED_AVAILABILITY = YES_AGGRESSIVE;
				CLANG_WARN_UNREACHABLE_CODE = YES;
				CLANG_WARN__DUPLICATE_METHOD_MATCH = YES;
				COPY_PHASE_STRIP = NO;
				DEBUG_INFORMATION_FORMAT = dwarf;
				ENABLE_STRICT_OBJC_MSGSEND = YES;
				ENABLE_TESTABILITY = YES;
				ENABLE_USER_SCRIPT_SANDBOXING = YES;
				GCC_C_LANGUAGE_STANDARD = gnu17;
				GCC_DYNAMIC_NO_PIC = NO;
				GCC_NO_COMMON_BLOCKS = YES;
				GCC_OPTIMIZATION_LEVEL = 0;
				GCC_PREPROCESSOR_DEFINITIONS = (
					"DEBUG=1",
					"$(inherited)",
				);
				GCC_WARN_64_TO_32_BIT_CONVERSION = YES;
				GCC_WARN_ABOUT_RETURN_TYPE = YES_ERROR;
				GCC_WARN_UNDECLARED_SELECTOR = YES;
				GCC_WARN_UNINITIALIZED_AUTOS = YES_AGGRESSIVE;
				GCC_WARN_UNUSED_FUNCTION = YES;
				GCC_WARN_UNUSED_VARIABLE = YES;
				IPHONEOS_DEPLOYMENT_TARGET = 17.2;
				LOCALIZATION_PREFERS_STRING_CATALOGS = YES;
				MTL_ENABLE_DEBUG_INFO = INCLUDE_SOURCE;
				MTL_FAST_MATH = YES;
				ONLY_ACTIVE_ARCH = YES;
				SDKROOT = iphoneos;
				SWIFT_ACTIVE_COMPILATION_CONDITIONS = "DEBUG $(inherited)";
				SWIFT_OPTIMIZATION_LEVEL = "-Onone";
			};
			name = Debug;
		};
		088F1BC32B81ACC200708FC7 /* Release */ = {
			isa = XCBuildConfiguration;
			buildSettings = {
				ALWAYS_SEARCH_USER_PATHS = NO;
				ASSETCATALOG_COMPILER_GENERATE_SWIFT_ASSET_SYMBOL_EXTENSIONS = YES;
				CLANG_ANALYZER_NONNULL = YES;
				CLANG_ANALYZER_NUMBER_OBJECT_CONVERSION = YES_AGGRESSIVE;
				CLANG_CXX_LANGUAGE_STANDARD = "gnu++20";
				CLANG_ENABLE_MODULES = YES;
				CLANG_ENABLE_OBJC_ARC = YES;
				CLANG_ENABLE_OBJC_WEAK = YES;
				CLANG_WARN_BLOCK_CAPTURE_AUTORELEASING = YES;
				CLANG_WARN_BOOL_CONVERSION = YES;
				CLANG_WARN_COMMA = YES;
				CLANG_WARN_CONSTANT_CONVERSION = YES;
				CLANG_WARN_DEPRECATED_OBJC_IMPLEMENTATIONS = YES;
				CLANG_WARN_DIRECT_OBJC_ISA_USAGE = YES_ERROR;
				CLANG_WARN_DOCUMENTATION_COMMENTS = YES;
				CLANG_WARN_EMPTY_BODY = YES;
				CLANG_WARN_ENUM_CONVERSION = YES;
				CLANG_WARN_INFINITE_RECURSION = YES;
				CLANG_WARN_INT_CONVERSION = YES;
				CLANG_WARN_NON_LITERAL_NULL_CONVERSION = YES;
				CLANG_WARN_OBJC_IMPLICIT_RETAIN_SELF = YES;
				CLANG_WARN_OBJC_LITERAL_CONVERSION = YES;
				CLANG_WARN_OBJC_ROOT_CLASS = YES_ERROR;
				CLANG_WARN_QUOTED_INCLUDE_IN_FRAMEWORK_HEADER = YES;
				CLANG_WARN_RANGE_LOOP_ANALYSIS = YES;
				CLANG_WARN_STRICT_PROTOTYPES = YES;
				CLANG_WARN_SUSPICIOUS_MOVE = YES;
				CLANG_WARN_UNGUARDED_AVAILABILITY = YES_AGGRESSIVE;
				CLANG_WARN_UNREACHABLE_CODE = YES;
				CLANG_WARN__DUPLICATE_METHOD_MATCH = YES;
				COPY_PHASE_STRIP = NO;
				DEBUG_INFORMATION_FORMAT = "dwarf-with-dsym";
				ENABLE_NS_ASSERTIONS = NO;
				ENABLE_STRICT_OBJC_MSGSEND = YES;
				ENABLE_USER_SCRIPT_SANDBOXING = YES;
				GCC_C_LANGUAGE_STANDARD = gnu17;
				GCC_NO_COMMON_BLOCKS = YES;
				GCC_WARN_64_TO_32_BIT_CONVERSION = YES;
				GCC_WARN_ABOUT_RETURN_TYPE = YES_ERROR;
				GCC_WARN_UNDECLARED_SELECTOR = YES;
				GCC_WARN_UNINITIALIZED_AUTOS = YES_AGGRESSIVE;
				GCC_WARN_UNUSED_FUNCTION = YES;
				GCC_WARN_UNUSED_VARIABLE = YES;
				IPHONEOS_DEPLOYMENT_TARGET = 17.2;
				LOCALIZATION_PREFERS_STRING_CATALOGS = YES;
				MTL_ENABLE_DEBUG_INFO = NO;
				MTL_FAST_MATH = YES;
				SDKROOT = iphoneos;
				SWIFT_COMPILATION_MODE = wholemodule;
				VALIDATE_PRODUCT = YES;
			};
			name = Release;
		};
		088F1BC52B81ACC200708FC7 /* Debug */ = {
			isa = XCBuildConfiguration;
			buildSettings = {
				ASSETCATALOG_COMPILER_APPICON_NAME = AppIcon;
				ASSETCATALOG_COMPILER_GLOBAL_ACCENT_COLOR_NAME = AccentColor;
				CODE_SIGN_STYLE = Automatic;
				CURRENT_PROJECT_VERSION = 1;
				DEVELOPMENT_ASSET_PATHS = "\"LaptopList/Preview Content\"";
				ENABLE_PREVIEWS = YES;
				GENERATE_INFOPLIST_FILE = YES;
				INFOPLIST_KEY_UIApplicationSceneManifest_Generation = YES;
				INFOPLIST_KEY_UIApplicationSupportsIndirectInputEvents = YES;
				INFOPLIST_KEY_UILaunchScreen_Generation = YES;
				INFOPLIST_KEY_UISupportedInterfaceOrientations_iPad = "UIInterfaceOrientationPortrait UIInterfaceOrientationPortraitUpsideDown UIInterfaceOrientationLandscapeLeft UIInterfaceOrientationLandscapeRight";
				INFOPLIST_KEY_UISupportedInterfaceOrientations_iPhone = "UIInterfaceOrientationPortrait UIInterfaceOrientationLandscapeLeft UIInterfaceOrientationLandscapeRight";
				IPHONEOS_DEPLOYMENT_TARGET = 16.6;
				LD_RUNPATH_SEARCH_PATHS = (
					"$(inherited)",
					"@executable_path/Frameworks",
				);
				MARKETING_VERSION = 1.0;
				PRODUCT_BUNDLE_IDENTIFIER = com.eliofernandez.LaptopList;
				PRODUCT_NAME = "$(TARGET_NAME)";
				SWIFT_EMIT_LOC_STRINGS = YES;
				SWIFT_VERSION = 5.0;
				TARGETED_DEVICE_FAMILY = "1,2";
			};
			name = Debug;
		};
		088F1BC62B81ACC200708FC7 /* Release */ = {
			isa = XCBuildConfiguration;
			buildSettings = {
				ASSETCATALOG_COMPILER_APPICON_NAME = AppIcon;
				ASSETCATALOG_COMPILER_GLOBAL_ACCENT_COLOR_NAME = AccentColor;
				CODE_SIGN_STYLE = Automatic;
				CURRENT_PROJECT_VERSION = 1;
				DEVELOPMENT_ASSET_PATHS = "\"LaptopList/Preview Content\"";
				ENABLE_PREVIEWS = YES;
				GENERATE_INFOPLIST_FILE = YES;
				INFOPLIST_KEY_UIApplicationSceneManifest_Generation = YES;
				INFOPLIST_KEY_UIApplicationSupportsIndirectInputEvents = YES;
				INFOPLIST_KEY_UILaunchScreen_Generation = YES;
				INFOPLIST_KEY_UISupportedInterfaceOrientations_iPad = "UIInterfaceOrientationPortrait UIInterfaceOrientationPortraitUpsideDown UIInterfaceOrientationLandscapeLeft UIInterfaceOrientationLandscapeRight";
				INFOPLIST_KEY_UISupportedInterfaceOrientations_iPhone = "UIInterfaceOrientationPortrait UIInterfaceOrientationLandscapeLeft UIInterfaceOrientationLandscapeRight";
				IPHONEOS_DEPLOYMENT_TARGET = 16.6;
				LD_RUNPATH_SEARCH_PATHS = (
					"$(inherited)",
					"@executable_path/Frameworks",
				);
				MARKETING_VERSION = 1.0;
				PRODUCT_BUNDLE_IDENTIFIER = com.eliofernandez.LaptopList;
				PRODUCT_NAME = "$(TARGET_NAME)";
				SWIFT_EMIT_LOC_STRINGS = YES;
				SWIFT_VERSION = 5.0;
				TARGETED_DEVICE_FAMILY = "1,2";
			};
			name = Release;
		};
/* End XCBuildConfiguration section */

/* Begin XCConfigurationList section */
		088F1BB12B81ACBB00708FC7 /* Build configuration list for PBXProject "LaptopList" */ = {
			isa = XCConfigurationList;
			buildConfigurations = (
				088F1BC22B81ACC200708FC7 /* Debug */,
				088F1BC32B81ACC200708FC7 /* Release */,
			);
			defaultConfigurationIsVisible = 0;
			defaultConfigurationName = Release;
		};
		088F1BC42B81ACC200708FC7 /* Build configuration list for PBXNativeTarget "LaptopList" */ = {
			isa = XCConfigurationList;
			buildConfigurations = (
				088F1BC52B81ACC200708FC7 /* Debug */,
				088F1BC62B81ACC200708FC7 /* Release */,
			);
			defaultConfigurationIsVisible = 0;
			defaultConfigurationName = Release;
		};
/* End XCConfigurationList section */
	};
	rootObject = 088F1BAE2B81ACBB00708FC7 /* Project object */;
}
